
Microsoft Visual Studio Solution File, Format Version 12.00
# Visual Studio Version 16
VisualStudioVersion = 16.0.30907.101
MinimumVisualStudioVersion = 10.0.40219.1
Project("{9A19103F-16F7-4668-BE54-9A1E7A4F7556}") = "EventBus.Simple", "EventBus.Simple\EventBus.Simple.csproj", "{81B7A6BF-AE50-4AAB-902D-72788AD0EC85}"
EndProject
Project("{9A19103F-16F7-4668-BE54-9A1E7A4F7556}") = "EventBus", "EventBus\EventBus.csproj", "{CF5C091C-86BB-4DBA-B6C6-8F5D16A16260}"
EndProject
Project("{FAE04EC0-301F-11D3-BF4B-00C04F79EFBC}") = "EventBus.Test", "EventBus.Test\EventBus.Test.csproj", "{19EC947F-9062-4791-93FA-C4D12AA53244}"
EndProject
Global
	GlobalSection(SolutionConfigurationPlatforms) = preSolution
		Debug|Any CPU = Debug|Any CPU
		Release|Any CPU = Release|Any CPU
	EndGlobalSection
	GlobalSection(ProjectConfigurationPlatforms) = postSolution
		{81B7A6BF-AE50-4AAB-902D-72788AD0EC85}.Debug|Any CPU.ActiveCfg = Debug|Any CPU
		{81B7A6BF-AE50-4AAB-902D-72788AD0EC85}.Debug|Any CPU.Build.0 = Debug|Any CPU
		{81B7A6BF-AE50-4AAB-902D-72788AD0EC85}.Release|Any CPU.ActiveCfg = Release|Any CPU
		{81B7A6BF-AE50-4AAB-902D-72788AD0EC85}.Release|Any CPU.Build.0 = Release|Any CPU
		{CF5C091C-86BB-4DBA-B6C6-8F5D16A16260}.Debug|Any CPU.ActiveCfg = Debug|Any CPU
		{CF5C091C-86BB-4DBA-B6C6-8F5D16A16260}.Debug|Any CPU.Build.0 = Debug|Any CPU
		{CF5C091C-86BB-4DBA-B6C6-8F5D16A16260}.Release|Any CPU.ActiveCfg = Release|Any CPU
		{CF5C091C-86BB-4DBA-B6C6-8F5D16A16260}.Release|Any CPU.Build.0 = Release|Any CPU
		{19EC947F-9062-4791-93FA-C4D12AA53244}.Debug|Any CPU.ActiveCfg = Debug|Any CPU
		{19EC947F-9062-4791-93FA-C4D12AA53244}.Debug|Any CPU.Build.0 = Debug|Any CPU
		{19EC947F-9062-4791-93FA-C4D12AA53244}.Release|Any CPU.ActiveCfg = Release|Any CPU
		{19EC947F-9062-4791-93FA-C4D12AA53244}.Release|Any CPU.Build.0 = Release|Any CPU
	EndGlobalSection
	GlobalSection(SolutionProperties) = preSolution
		HideSolutionNode = FALSE
	EndGlobalSection
	GlobalSection(ExtensibilityGlobals) = postSolution
		SolutionGuid = {96080853-2769-46F6-9883-E123C3A0703B}
	EndGlobalSection
EndGlobal
